
Microsoft Visual Studio Solution File, Format Version 12.00
# Visual Studio Version 16
VisualStudioVersion = 16.0.32901.82
MinimumVisualStudioVersion = 10.0.40219.1
Project("{FAE04EC0-301F-11D3-BF4B-00C04F79EFBC}") = "3d", "3d\3d.csproj", "{3B51BE8E-B30C-472E-94D8-FC07E384572B}"
EndProject
Global
	GlobalSection(SolutionConfigurationPlatforms) = preSolution
		Debug|Any CPU = Debug|Any CPU
		Release|Any CPU = Release|Any CPU
	EndGlobalSection
	GlobalSection(ProjectConfigurationPlatforms) = postSolution
		{3B51BE8E-B30C-472E-94D8-FC07E384572B}.Debug|Any CPU.ActiveCfg = Debug|Any CPU
		{3B51BE8E-B30C-472E-94D8-FC07E384572B}.Debug|Any CPU.Build.0 = Debug|Any CPU
		{3B51BE8E-B30C-472E-94D8-FC07E384572B}.Release|Any CPU.ActiveCfg = Release|Any CPU
		{3B51BE8E-B30C-472E-94D8-FC07E384572B}.Release|Any CPU.Build.0 = Release|Any CPU
	EndGlobalSection
	GlobalSection(SolutionProperties) = preSolution
		HideSolutionNode = FALSE
	EndGlobalSection
	GlobalSection(ExtensibilityGlobals) = postSolution
		SolutionGuid = {5FB72B6D-AB3C-4687-B661-FF54A6809113}
	EndGlobalSection
EndGlobal
